
Microsoft Visual Studio Solution File, Format Version 12.00
# Visual Studio Version 17
VisualStudioVersion = 17.9.34607.119
MinimumVisualStudioVersion = 10.0.40219.1
Project("{9A19103F-16F7-4668-BE54-9A1E7A4F7556}") = "BulkyWeb", "BulkyWeb\BulkyWeb.csproj", "{0CAB8C7F-E78D-468B-89A3-D4E1BB9D9E1B}"
EndProject
Project("{FAE04EC0-301F-11D3-BF4B-00C04F79EFBC}") = "Bulky.DataAccess", "Bulky.DataAccess\Bulky.DataAccess.csproj", "{714D8F22-CF68-430E-AB7A-30FC686CE4B4}"
EndProject
Project("{FAE04EC0-301F-11D3-BF4B-00C04F79EFBC}") = "Bulky.Models", "Bulky.Models\Bulky.Models.csproj", "{5717BA03-96A8-45FA-A8D3-2688081F0902}"
EndProject
Project("{FAE04EC0-301F-11D3-BF4B-00C04F79EFBC}") = "Bulky.Utility", "Bulky.Utility\Bulky.Utility.csproj", "{D3ADABBB-0600-406F-98B7-918653797227}"
EndProject
Global
	GlobalSection(SolutionConfigurationPlatforms) = preSolution
		Debug|Any CPU = Debug|Any CPU
		Release|Any CPU = Release|Any CPU
	EndGlobalSection
	GlobalSection(ProjectConfigurationPlatforms) = postSolution
		{0CAB8C7F-E78D-468B-89A3-D4E1BB9D9E1B}.Debug|Any CPU.ActiveCfg = Debug|Any CPU
		{0CAB8C7F-E78D-468B-89A3-D4E1BB9D9E1B}.Debug|Any CPU.Build.0 = Debug|Any CPU
		{0CAB8C7F-E78D-468B-89A3-D4E1BB9D9E1B}.Release|Any CPU.ActiveCfg = Release|Any CPU
		{0CAB8C7F-E78D-468B-89A3-D4E1BB9D9E1B}.Release|Any CPU.Build.0 = Release|Any CPU
		{714D8F22-CF68-430E-AB7A-30FC686CE4B4}.Debug|Any CPU.ActiveCfg = Debug|Any CPU
		{714D8F22-CF68-430E-AB7A-30FC686CE4B4}.Debug|Any CPU.Build.0 = Debug|Any CPU
		{714D8F22-CF68-430E-AB7A-30FC686CE4B4}.Release|Any CPU.ActiveCfg = Release|Any CPU
		{714D8F22-CF68-430E-AB7A-30FC686CE4B4}.Release|Any CPU.Build.0 = Release|Any CPU
		{5717BA03-96A8-45FA-A8D3-2688081F0902}.Debug|Any CPU.ActiveCfg = Debug|Any CPU
		{5717BA03-96A8-45FA-A8D3-2688081F0902}.Debug|Any CPU.Build.0 = Debug|Any CPU
		{5717BA03-96A8-45FA-A8D3-2688081F0902}.Release|Any CPU.ActiveCfg = Release|Any CPU
		{5717BA03-96A8-45FA-A8D3-2688081F0902}.Release|Any CPU.Build.0 = Release|Any CPU
		{D3ADABBB-0600-406F-98B7-918653797227}.Debug|Any CPU.ActiveCfg = Debug|Any CPU
		{D3ADABBB-0600-406F-98B7-918653797227}.Debug|Any CPU.Build.0 = Debug|Any CPU
		{D3ADABBB-0600-406F-98B7-918653797227}.Release|Any CPU.ActiveCfg = Release|Any CPU
		{D3ADABBB-0600-406F-98B7-918653797227}.Release|Any CPU.Build.0 = Release|Any CPU
	EndGlobalSection
	GlobalSection(SolutionProperties) = preSolution
		HideSolutionNode = FALSE
	EndGlobalSection
	GlobalSection(ExtensibilityGlobals) = postSolution
		SolutionGuid = {4BC62C15-5111-4782-9FE2-11F5C4D81D8D}
	EndGlobalSection
EndGlobal
